
Microsoft Visual Studio Solution File, Format Version 12.00
Project("{2150E333-8FDC-42A3-9474-1A3956D46DE8}") = "Implementations", "Implementations", "{D4D9C398-BD98-44FF-8C24-806B42010ED9}"
EndProject
Project("{FAE04EC0-301F-11D3-BF4B-00C04F79EFBC}") = "IoC.Autofac.Decorators", "IoC.Autofac.Decorators\IoC.Autofac.Decorators.csproj", "{BC010361-C584-4E55-B319-0DD8E7D6406A}"
EndProject
Project("{FAE04EC0-301F-11D3-BF4B-00C04F79EFBC}") = "IoC.MS.Decorators", "IoC.MS.Decorators\IoC.MS.Decorators.csproj", "{F3ABA3EE-595C-4CC0-9CED-22D23416546E}"
EndProject
Project("{FAE04EC0-301F-11D3-BF4B-00C04F79EFBC}") = "IoC.Common", "IoC.Common\IoC.Common.csproj", "{DD8BD7B7-0D72-4990-BC10-357DE91B9470}"
EndProject
Project("{2150E333-8FDC-42A3-9474-1A3956D46DE8}") = "Decorators", "Decorators", "{FA779373-80AE-4C34-8313-4695E4F261DC}"
EndProject
Project("{FAE04EC0-301F-11D3-BF4B-00C04F79EFBC}") = "IoC.Dryloc.Decorators", "IoC.Dryloc.Decorators\IoC.Dryloc.Decorators.csproj", "{F7931C69-71AD-41B6-BEB9-50807346C150}"
EndProject
Project("{2150E333-8FDC-42A3-9474-1A3956D46DE8}") = "NamedServices", "NamedServices", "{DFF408BD-4874-42A6-BD63-579F19866550}"
EndProject
Project("{FAE04EC0-301F-11D3-BF4B-00C04F79EFBC}") = "IoC.Autofac.NamedServices", "IoC.Autofac.NamedServices\IoC.Autofac.NamedServices.csproj", "{B67501B9-FF04-4D5B-B9F7-61FA2E89B8B4}"
EndProject
Project("{FAE04EC0-301F-11D3-BF4B-00C04F79EFBC}") = "IoC.Dryloc.NamedServices", "IoC.Dryloc.NamedServices\IoC.Dryloc.NamedServices.csproj", "{76016C46-2CA5-41C8-A083-DA41EDD1FE14}"
EndProject
Project("{2150E333-8FDC-42A3-9474-1A3956D46DE8}") = "Inteceptors", "Inteceptors", "{BAB6F9F7-A5EA-4B9F-8BFB-C412761F2C0F}"
EndProject
Project("{FAE04EC0-301F-11D3-BF4B-00C04F79EFBC}") = "IoC.Autofac.Interceptors", "IoC.Autofac.Interceptors\IoC.Autofac.Interceptors.csproj", "{BABC5197-7053-4421-8628-5BC0609DCAE1}"
EndProject
Project("{FAE04EC0-301F-11D3-BF4B-00C04F79EFBC}") = "IoC.Interceptors.DryIoc", "IoC.Interceptors.DryIoc\IoC.Interceptors.DryIoc.csproj", "{C284D692-2433-4292-96A0-AD4A52D9E52A}"
EndProject
Project("{FAE04EC0-301F-11D3-BF4B-00C04F79EFBC}") = "IoC.MS.Interceptors", "IoC.MS.Interceptors\IoC.MS.Interceptors.csproj", "{02B9BFBF-C80A-4B10-BBA0-1DA4776CA1AE}"
EndProject
Project("{FAE04EC0-301F-11D3-BF4B-00C04F79EFBC}") = "IoC.Interceptors.Common", "IoC.Interceptors.Common\IoC.Interceptors.Common.csproj", "{A1D56A85-2F6B-499E-AAC0-A1F289C35C89}"
EndProject
Global
	GlobalSection(SolutionConfigurationPlatforms) = preSolution
		Debug|Any CPU = Debug|Any CPU
		Release|Any CPU = Release|Any CPU
	EndGlobalSection
	GlobalSection(NestedProjects) = preSolution
		{FA779373-80AE-4C34-8313-4695E4F261DC} = {D4D9C398-BD98-44FF-8C24-806B42010ED9}
		{BC010361-C584-4E55-B319-0DD8E7D6406A} = {FA779373-80AE-4C34-8313-4695E4F261DC}
		{F3ABA3EE-595C-4CC0-9CED-22D23416546E} = {FA779373-80AE-4C34-8313-4695E4F261DC}
		{F7931C69-71AD-41B6-BEB9-50807346C150} = {FA779373-80AE-4C34-8313-4695E4F261DC}
		{DFF408BD-4874-42A6-BD63-579F19866550} = {D4D9C398-BD98-44FF-8C24-806B42010ED9}
		{B67501B9-FF04-4D5B-B9F7-61FA2E89B8B4} = {DFF408BD-4874-42A6-BD63-579F19866550}
		{76016C46-2CA5-41C8-A083-DA41EDD1FE14} = {DFF408BD-4874-42A6-BD63-579F19866550}
		{BAB6F9F7-A5EA-4B9F-8BFB-C412761F2C0F} = {D4D9C398-BD98-44FF-8C24-806B42010ED9}
		{BABC5197-7053-4421-8628-5BC0609DCAE1} = {BAB6F9F7-A5EA-4B9F-8BFB-C412761F2C0F}
		{C284D692-2433-4292-96A0-AD4A52D9E52A} = {BAB6F9F7-A5EA-4B9F-8BFB-C412761F2C0F}
		{02B9BFBF-C80A-4B10-BBA0-1DA4776CA1AE} = {BAB6F9F7-A5EA-4B9F-8BFB-C412761F2C0F}
		{A1D56A85-2F6B-499E-AAC0-A1F289C35C89} = {BAB6F9F7-A5EA-4B9F-8BFB-C412761F2C0F}
	EndGlobalSection
	GlobalSection(ProjectConfigurationPlatforms) = postSolution
		{BC010361-C584-4E55-B319-0DD8E7D6406A}.Debug|Any CPU.ActiveCfg = Debug|Any CPU
		{BC010361-C584-4E55-B319-0DD8E7D6406A}.Debug|Any CPU.Build.0 = Debug|Any CPU
		{BC010361-C584-4E55-B319-0DD8E7D6406A}.Release|Any CPU.ActiveCfg = Release|Any CPU
		{BC010361-C584-4E55-B319-0DD8E7D6406A}.Release|Any CPU.Build.0 = Release|Any CPU
		{F3ABA3EE-595C-4CC0-9CED-22D23416546E}.Debug|Any CPU.ActiveCfg = Debug|Any CPU
		{F3ABA3EE-595C-4CC0-9CED-22D23416546E}.Debug|Any CPU.Build.0 = Debug|Any CPU
		{F3ABA3EE-595C-4CC0-9CED-22D23416546E}.Release|Any CPU.ActiveCfg = Release|Any CPU
		{F3ABA3EE-595C-4CC0-9CED-22D23416546E}.Release|Any CPU.Build.0 = Release|Any CPU
		{DD8BD7B7-0D72-4990-BC10-357DE91B9470}.Debug|Any CPU.ActiveCfg = Debug|Any CPU
		{DD8BD7B7-0D72-4990-BC10-357DE91B9470}.Debug|Any CPU.Build.0 = Debug|Any CPU
		{DD8BD7B7-0D72-4990-BC10-357DE91B9470}.Release|Any CPU.ActiveCfg = Release|Any CPU
		{DD8BD7B7-0D72-4990-BC10-357DE91B9470}.Release|Any CPU.Build.0 = Release|Any CPU
		{F7931C69-71AD-41B6-BEB9-50807346C150}.Debug|Any CPU.ActiveCfg = Debug|Any CPU
		{F7931C69-71AD-41B6-BEB9-50807346C150}.Debug|Any CPU.Build.0 = Debug|Any CPU
		{F7931C69-71AD-41B6-BEB9-50807346C150}.Release|Any CPU.ActiveCfg = Release|Any CPU
		{F7931C69-71AD-41B6-BEB9-50807346C150}.Release|Any CPU.Build.0 = Release|Any CPU
		{B67501B9-FF04-4D5B-B9F7-61FA2E89B8B4}.Debug|Any CPU.ActiveCfg = Debug|Any CPU
		{B67501B9-FF04-4D5B-B9F7-61FA2E89B8B4}.Debug|Any CPU.Build.0 = Debug|Any CPU
		{B67501B9-FF04-4D5B-B9F7-61FA2E89B8B4}.Release|Any CPU.ActiveCfg = Release|Any CPU
		{B67501B9-FF04-4D5B-B9F7-61FA2E89B8B4}.Release|Any CPU.Build.0 = Release|Any CPU
		{76016C46-2CA5-41C8-A083-DA41EDD1FE14}.Debug|Any CPU.ActiveCfg = Debug|Any CPU
		{76016C46-2CA5-41C8-A083-DA41EDD1FE14}.Debug|Any CPU.Build.0 = Debug|Any CPU
		{76016C46-2CA5-41C8-A083-DA41EDD1FE14}.Release|Any CPU.ActiveCfg = Release|Any CPU
		{76016C46-2CA5-41C8-A083-DA41EDD1FE14}.Release|Any CPU.Build.0 = Release|Any CPU
		{BABC5197-7053-4421-8628-5BC0609DCAE1}.Debug|Any CPU.ActiveCfg = Debug|Any CPU
		{BABC5197-7053-4421-8628-5BC0609DCAE1}.Debug|Any CPU.Build.0 = Debug|Any CPU
		{BABC5197-7053-4421-8628-5BC0609DCAE1}.Release|Any CPU.ActiveCfg = Release|Any CPU
		{BABC5197-7053-4421-8628-5BC0609DCAE1}.Release|Any CPU.Build.0 = Release|Any CPU
		{C284D692-2433-4292-96A0-AD4A52D9E52A}.Debug|Any CPU.ActiveCfg = Debug|Any CPU
		{C284D692-2433-4292-96A0-AD4A52D9E52A}.Debug|Any CPU.Build.0 = Debug|Any CPU
		{C284D692-2433-4292-96A0-AD4A52D9E52A}.Release|Any CPU.ActiveCfg = Release|Any CPU
		{C284D692-2433-4292-96A0-AD4A52D9E52A}.Release|Any CPU.Build.0 = Release|Any CPU
		{02B9BFBF-C80A-4B10-BBA0-1DA4776CA1AE}.Debug|Any CPU.ActiveCfg = Debug|Any CPU
		{02B9BFBF-C80A-4B10-BBA0-1DA4776CA1AE}.Debug|Any CPU.Build.0 = Debug|Any CPU
		{02B9BFBF-C80A-4B10-BBA0-1DA4776CA1AE}.Release|Any CPU.ActiveCfg = Release|Any CPU
		{02B9BFBF-C80A-4B10-BBA0-1DA4776CA1AE}.Release|Any CPU.Build.0 = Release|Any CPU
		{A1D56A85-2F6B-499E-AAC0-A1F289C35C89}.Debug|Any CPU.ActiveCfg = Debug|Any CPU
		{A1D56A85-2F6B-499E-AAC0-A1F289C35C89}.Debug|Any CPU.Build.0 = Debug|Any CPU
		{A1D56A85-2F6B-499E-AAC0-A1F289C35C89}.Release|Any CPU.ActiveCfg = Release|Any CPU
		{A1D56A85-2F6B-499E-AAC0-A1F289C35C89}.Release|Any CPU.Build.0 = Release|Any CPU
	EndGlobalSection
EndGlobal
